// !$*UTF8*$!
{
	archiveVersion = 1;
	classes = {
	};
	objectVersion = 46;
	objects = {

/* Begin PBXBuildFile section */
		0491CD941E5BD1590023F670 /* main.m in Sources */ = {isa = PBXBuildFile; fileRef = 0491CD931E5BD1590023F670 /* main.m */; };
		0491CD971E5BD1590023F670 /* AppDelegate.m in Sources */ = {isa = PBXBuildFile; fileRef = 0491CD961E5BD1590023F670 /* AppDelegate.m */; };
		0491CD9A1E5BD1590023F670 /* ViewController.m in Sources */ = {isa = PBXBuildFile; fileRef = 0491CD991E5BD1590023F670 /* ViewController.m */; };
		0491CD9D1E5BD1590023F670 /* Main.storyboard in Resources */ = {isa = PBXBuildFile; fileRef = 0491CD9B1E5BD1590023F670 /* Main.storyboard */; };
		0491CD9F1E5BD1590023F670 /* Assets.xcassets in Resources */ = {isa = PBXBuildFile; fileRef = 0491CD9E1E5BD1590023F670 /* Assets.xcassets */; };
		0491CDA21E5BD1590023F670 /* LaunchScreen.storyboard in Resources */ = {isa = PBXBuildFile; fileRef = 0491CDA01E5BD1590023F670 /* LaunchScreen.storyboard */; };
		0491CDAD1E5BD15A0023F670 /* LeeRefreshViewTests.m in Sources */ = {isa = PBXBuildFile; fileRef = 0491CDAC1E5BD15A0023F670 /* LeeRefreshViewTests.m */; };
		0491CDB81E5BD15A0023F670 /* LeeRefreshViewUITests.m in Sources */ = {isa = PBXBuildFile; fileRef = 0491CDB71E5BD15A0023F670 /* LeeRefreshViewUITests.m */; };
		0491CDC71E5BD1F80023F670 /* refreshVC.m in Sources */ = {isa = PBXBuildFile; fileRef = 0491CDC51E5BD1F80023F670 /* refreshVC.m */; };
		0491CDCC1E5BD2E10023F670 /* LeeRefreshView.m in Sources */ = {isa = PBXBuildFile; fileRef = 0491CDCB1E5BD2E10023F670 /* LeeRefreshView.m */; };
		0491CDCF1E5BD3190023F670 /* LeeRefreshHeader.m in Sources */ = {isa = PBXBuildFile; fileRef = 0491CDCE1E5BD3190023F670 /* LeeRefreshHeader.m */; };
		0491CDD21E5BD3280023F670 /* LeeRefreshFooter.m in Sources */ = {isa = PBXBuildFile; fileRef = 0491CDD11E5BD3280023F670 /* LeeRefreshFooter.m */; };
		0491CDD51E5BD5850023F670 /* UIView+LeeRefresh.m in Sources */ = {isa = PBXBuildFile; fileRef = 0491CDD41E5BD5850023F670 /* UIView+LeeRefresh.m */; };
		0491CDD91E5BDDF50023F670 /* UIScrollView+LeeRefresh.m in Sources */ = {isa = PBXBuildFile; fileRef = 0491CDD81E5BDDF50023F670 /* UIScrollView+LeeRefresh.m */; };
		0491CDDF1E5C303E0023F670 /* LeeHeaderAnimationView.m in Sources */ = {isa = PBXBuildFile; fileRef = 0491CDDE1E5C303E0023F670 /* LeeHeaderAnimationView.m */; };
		8F6D0AE221B906A9004217B3 /* PGTestView.m in Sources */ = {isa = PBXBuildFile; fileRef = 8F6D0AE121B906A9004217B3 /* PGTestView.m */; };
		B6B38FC21E5D81D700B7D760 /* LeeRefreshLoadView.m in Sources */ = {isa = PBXBuildFile; fileRef = B6B38FC11E5D81D700B7D760 /* LeeRefreshLoadView.m */; };
		B6B38FC51E5D82CB00B7D760 /* LeeFooterAnimationView.m in Sources */ = {isa = PBXBuildFile; fileRef = B6B38FC41E5D82CB00B7D760 /* LeeFooterAnimationView.m */; };
		B6B38FC81E5D864700B7D760 /* UILabel+LabelWithSize.m in Sources */ = {isa = PBXBuildFile; fileRef = B6B38FC71E5D864700B7D760 /* UILabel+LabelWithSize.m */; };
		B6B38FCA1E5DAF4500B7D760 /* FreshGif.gif in Resources */ = {isa = PBXBuildFile; fileRef = B6B38FC91E5DAF4500B7D760 /* FreshGif.gif */; };
/* End PBXBuildFile section */

/* Begin PBXContainerItemProxy section */
		0491CDA91E5BD15A0023F670 /* PBXContainerItemProxy */ = {
			isa = PBXContainerItemProxy;
			containerPortal = 0491CD871E5BD1590023F670 /* Project object */;
			proxyType = 1;
			remoteGlobalIDString = 0491CD8E1E5BD1590023F670;
			remoteInfo = LeeRefreshView;
		};
		0491CDB41E5BD15A0023F670 /* PBXContainerItemProxy */ = {
			isa = PBXContainerItemProxy;
			containerPortal = 0491CD871E5BD1590023F670 /* Project object */;
			proxyType = 1;
			remoteGlobalIDString = 0491CD8E1E5BD1590023F670;
			remoteInfo = LeeRefreshView;
		};
/* End PBXContainerItemProxy section */

/* Begin PBXFileReference section */
		0491CD8F1E5BD1590023F670 /* LeeRefreshView.app */ = {isa = PBXFileReference; explicitFileType = wrapper.application; includeInIndex = 0; path = LeeRefreshView.app; sourceTree = BUILT_PRODUCTS_DIR; };
		0491CD931E5BD1590023F670 /* main.m */ = {isa = PBXFileReference; lastKnownFileType = sourcecode.c.objc; path = main.m; sourceTree = "<group>"; };
		0491CD951E5BD1590023F670 /* AppDelegate.h */ = {isa = PBXFileReference; lastKnownFileType = sourcecode.c.h; path = AppDelegate.h; sourceTree = "<group>"; };
		0491CD961E5BD1590023F670 /* AppDelegate.m */ = {isa = PBXFileReference; lastKnownFileType = sourcecode.c.objc; path = AppDelegate.m; sourceTree = "<group>"; };
		0491CD981E5BD1590023F670 /* ViewController.h */ = {isa = PBXFileReference; lastKnownFileType = sourcecode.c.h; path = ViewController.h; sourceTree = "<group>"; };
		0491CD991E5BD1590023F670 /* ViewController.m */ = {isa = PBXFileReference; lastKnownFileType = sourcecode.c.objc; path = ViewController.m; sourceTree = "<group>"; };
		0491CD9C1E5BD1590023F670 /* Base */ = {isa = PBXFileReference; lastKnownFileType = file.storyboard; name = Base; path = Base.lproj/Main.storyboard; sourceTree = "<group>"; };
		0491CD9E1E5BD1590023F670 /* Assets.xcassets */ = {isa = PBXFileReference; lastKnownFileType = folder.assetcatalog; path = Assets.xcassets; sourceTree = "<group>"; };
		0491CDA11E5BD1590023F670 /* Base */ = {isa = PBXFileReference; lastKnownFileType = file.storyboard; name = Base; path = Base.lproj/LaunchScreen.storyboard; sourceTree = "<group>"; };
		0491CDA31E5BD1590023F670 /* Info.plist */ = {isa = PBXFileReference; lastKnownFileType = text.plist.xml; path = Info.plist; sourceTree = "<group>"; };
		0491CDA81E5BD15A0023F670 /* LeeRefreshViewTests.xctest */ = {isa = PBXFileReference; explicitFileType = wrapper.cfbundle; includeInIndex = 0; path = LeeRefreshViewTests.xctest; sourceTree = BUILT_PRODUCTS_DIR; };
		0491CDAC1E5BD15A0023F670 /* LeeRefreshViewTests.m */ = {isa = PBXFileReference; lastKnownFileType = sourcecode.c.objc; path = LeeRefreshViewTests.m; sourceTree = "<group>"; };
		0491CDAE1E5BD15A0023F670 /* Info.plist */ = {isa = PBXFileReference; lastKnownFileType = text.plist.xml; path = Info.plist; sourceTree = "<group>"; };
		0491CDB31E5BD15A0023F670 /* LeeRefreshViewUITests.xctest */ = {isa = PBXFileReference; explicitFileType = wrapper.cfbundle; includeInIndex = 0; path = LeeRefreshViewUITests.xctest; sourceTree = BUILT_PRODUCTS_DIR; };
		0491CDB71E5BD15A0023F670 /* LeeRefreshViewUITests.m */ = {isa = PBXFileReference; lastKnownFileType = sourcecode.c.objc; path = LeeRefreshViewUITests.m; sourceTree = "<group>"; };
		0491CDB91E5BD15A0023F670 /* Info.plist */ = {isa = PBXFileReference; lastKnownFileType = text.plist.xml; path = Info.plist; sourceTree = "<group>"; };
		0491CDC51E5BD1F80023F670 /* refreshVC.m */ = {isa = PBXFileReference; fileEncoding = 4; lastKnownFileType = sourcecode.c.objc; path = refreshVC.m; sourceTree = "<group>"; };
		0491CDC61E5BD1F80023F670 /* refreshVC.h */ = {isa = PBXFileReference; fileEncoding = 4; lastKnownFileType = sourcecode.c.h; path = refreshVC.h; sourceTree = "<group>"; };
		0491CDC81E5BD24A0023F670 /* LeeCommonHeader.h */ = {isa = PBXFileReference; fileEncoding = 4; lastKnownFileType = sourcecode.c.h; path = LeeCommonHeader.h; sourceTree = "<group>"; };
		0491CDCA1E5BD2E10023F670 /* LeeRefreshView.h */ = {isa = PBXFileReference; fileEncoding = 4; lastKnownFileType = sourcecode.c.h; path = LeeRefreshView.h; sourceTree = "<group>"; };
		0491CDCB1E5BD2E10023F670 /* LeeRefreshView.m */ = {isa = PBXFileReference; fileEncoding = 4; lastKnownFileType = sourcecode.c.objc; path = LeeRefreshView.m; sourceTree = "<group>"; };
		0491CDCD1E5BD3190023F670 /* LeeRefreshHeader.h */ = {isa = PBXFileReference; fileEncoding = 4; lastKnownFileType = sourcecode.c.h; path = LeeRefreshHeader.h; sourceTree = "<group>"; };
		0491CDCE1E5BD3190023F670 /* LeeRefreshHeader.m */ = {isa = PBXFileReference; fileEncoding = 4; lastKnownFileType = sourcecode.c.objc; path = LeeRefreshHeader.m; sourceTree = "<group>"; };
		0491CDD01E5BD3280023F670 /* LeeRefreshFooter.h */ = {isa = PBXFileReference; fileEncoding = 4; lastKnownFileType = sourcecode.c.h; path = LeeRefreshFooter.h; sourceTree = "<group>"; };
		0491CDD11E5BD3280023F670 /* LeeRefreshFooter.m */ = {isa = PBXFileReference; fileEncoding = 4; lastKnownFileType = sourcecode.c.objc; path = LeeRefreshFooter.m; sourceTree = "<group>"; };
		0491CDD31E5BD5850023F670 /* UIView+LeeRefresh.h */ = {isa = PBXFileReference; fileEncoding = 4; lastKnownFileType = sourcecode.c.h; path = "UIView+LeeRefresh.h"; sourceTree = "<group>"; };
		0491CDD41E5BD5850023F670 /* UIView+LeeRefresh.m */ = {isa = PBXFileReference; fileEncoding = 4; lastKnownFileType = sourcecode.c.objc; path = "UIView+LeeRefresh.m"; sourceTree = "<group>"; };
		0491CDD61E5BDB800023F670 /* LeeRefresh.h */ = {isa = PBXFileReference; lastKnownFileType = sourcecode.c.h; path = LeeRefresh.h; sourceTree = "<group>"; };
		0491CDD71E5BDDF50023F670 /* UIScrollView+LeeRefresh.h */ = {isa = PBXFileReference; fileEncoding = 4; lastKnownFileType = sourcecode.c.h; path = "UIScrollView+LeeRefresh.h"; sourceTree = "<group>"; };
		0491CDD81E5BDDF50023F670 /* UIScrollView+LeeRefresh.m */ = {isa = PBXFileReference; fileEncoding = 4; lastKnownFileType = sourcecode.c.objc; path = "UIScrollView+LeeRefresh.m"; sourceTree = "<group>"; };
		0491CDDD1E5C303E0023F670 /* LeeHeaderAnimationView.h */ = {isa = PBXFileReference; fileEncoding = 4; lastKnownFileType = sourcecode.c.h; path = LeeHeaderAnimationView.h; sourceTree = "<group>"; };
		0491CDDE1E5C303E0023F670 /* LeeHeaderAnimationView.m */ = {isa = PBXFileReference; fileEncoding = 4; lastKnownFileType = sourcecode.c.objc; path = LeeHeaderAnimationView.m; sourceTree = "<group>"; };
		8F6D0AE021B906A9004217B3 /* PGTestView.h */ = {isa = PBXFileReference; lastKnownFileType = sourcecode.c.h; path = PGTestView.h; sourceTree = "<group>"; };
		8F6D0AE121B906A9004217B3 /* PGTestView.m */ = {isa = PBXFileReference; lastKnownFileType = sourcecode.c.objc; path = PGTestView.m; sourceTree = "<group>"; };
		B6B38FC01E5D81D700B7D760 /* LeeRefreshLoadView.h */ = {isa = PBXFileReference; fileEncoding = 4; lastKnownFileType = sourcecode.c.h; path = LeeRefreshLoadView.h; sourceTree = "<group>"; };
		B6B38FC11E5D81D700B7D760 /* LeeRefreshLoadView.m */ = {isa = PBXFileReference; fileEncoding = 4; lastKnownFileType = sourcecode.c.objc; path = LeeRefreshLoadView.m; sourceTree = "<group>"; };
		B6B38FC31E5D82CB00B7D760 /* LeeFooterAnimationView.h */ = {isa = PBXFileReference; fileEncoding = 4; lastKnownFileType = sourcecode.c.h; path = LeeFooterAnimationView.h; sourceTree = "<group>"; };
		B6B38FC41E5D82CB00B7D760 /* LeeFooterAnimationView.m */ = {isa = PBXFileReference; fileEncoding = 4; lastKnownFileType = sourcecode.c.objc; path = LeeFooterAnimationView.m; sourceTree = "<group>"; };
		B6B38FC61E5D864700B7D760 /* UILabel+LabelWithSize.h */ = {isa = PBXFileReference; fileEncoding = 4; lastKnownFileType = sourcecode.c.h; path = "UILabel+LabelWithSize.h"; sourceTree = "<group>"; };
		B6B38FC71E5D864700B7D760 /* UILabel+LabelWithSize.m */ = {isa = PBXFileReference; fileEncoding = 4; lastKnownFileType = sourcecode.c.objc; path = "UILabel+LabelWithSize.m"; sourceTree = "<group>"; };
		B6B38FC91E5DAF4500B7D760 /* FreshGif.gif */ = {isa = PBXFileReference; lastKnownFileType = image.gif; path = FreshGif.gif; sourceTree = "<group>"; };
/* End PBXFileReference section */

/* Begin PBXFrameworksBuildPhase section */
		0491CD8C1E5BD1590023F670 /* Frameworks */ = {
			isa = PBXFrameworksBuildPhase;
			buildActionMask = 2147483647;
			files = (
			);
			runOnlyForDeploymentPostprocessing = 0;
		};
		0491CDA51E5BD15A0023F670 /* Frameworks */ = {
			isa = PBXFrameworksBuildPhase;
			buildActionMask = 2147483647;
			files = (
			);
			runOnlyForDeploymentPostprocessing = 0;
		};
		0491CDB01E5BD15A0023F670 /* Frameworks */ = {
			isa = PBXFrameworksBuildPhase;
			buildActionMask = 2147483647;
			files = (
			);
			runOnlyForDeploymentPostprocessing = 0;
		};
/* End PBXFrameworksBuildPhase section */

/* Begin PBXGroup section */
		0491CD861E5BD1590023F670 = {
			isa = PBXGroup;
			children = (
				0491CD911E5BD1590023F670 /* LeeRefreshView */,
				0491CDAB1E5BD15A0023F670 /* LeeRefreshViewTests */,
				0491CDB61E5BD15A0023F670 /* LeeRefreshViewUITests */,
				0491CD901E5BD1590023F670 /* Products */,
			);
			sourceTree = "<group>";
		};
		0491CD901E5BD1590023F670 /* Products */ = {
			isa = PBXGroup;
			children = (
				0491CD8F1E5BD1590023F670 /* LeeRefreshView.app */,
				0491CDA81E5BD15A0023F670 /* LeeRefreshViewTests.xctest */,
				0491CDB31E5BD15A0023F670 /* LeeRefreshViewUITests.xctest */,
			);
			name = Products;
			sourceTree = "<group>";
		};
		0491CD911E5BD1590023F670 /* LeeRefreshView */ = {
			isa = PBXGroup;
			children = (
				B6B38FC91E5DAF4500B7D760 /* FreshGif.gif */,
				0491CDC91E5BD2B20023F670 /* LeeRefreh */,
				0491CD951E5BD1590023F670 /* AppDelegate.h */,
				0491CD961E5BD1590023F670 /* AppDelegate.m */,
				0491CD981E5BD1590023F670 /* ViewController.h */,
				0491CD991E5BD1590023F670 /* ViewController.m */,
				0491CDC61E5BD1F80023F670 /* refreshVC.h */,
				0491CDC51E5BD1F80023F670 /* refreshVC.m */,
				8F6D0AE021B906A9004217B3 /* PGTestView.h */,
				8F6D0AE121B906A9004217B3 /* PGTestView.m */,
				0491CDC81E5BD24A0023F670 /* LeeCommonHeader.h */,
				0491CD9B1E5BD1590023F670 /* Main.storyboard */,
				0491CD9E1E5BD1590023F670 /* Assets.xcassets */,
				0491CDA01E5BD1590023F670 /* LaunchScreen.storyboard */,
				0491CDA31E5BD1590023F670 /* Info.plist */,
				0491CD921E5BD1590023F670 /* Supporting Files */,
			);
			path = LeeRefreshView;
			sourceTree = "<group>";
		};
		0491CD921E5BD1590023F670 /* Supporting Files */ = {
			isa = PBXGroup;
			children = (
				0491CD931E5BD1590023F670 /* main.m */,
			);
			name = "Supporting Files";
			sourceTree = "<group>";
		};
		0491CDAB1E5BD15A0023F670 /* LeeRefreshViewTests */ = {
			isa = PBXGroup;
			children = (
				0491CDAC1E5BD15A0023F670 /* LeeRefreshViewTests.m */,
				0491CDAE1E5BD15A0023F670 /* Info.plist */,
			);
			path = LeeRefreshViewTests;
			sourceTree = "<group>";
		};
		0491CDB61E5BD15A0023F670 /* LeeRefreshViewUITests */ = {
			isa = PBXGroup;
			children = (
				0491CDB71E5BD15A0023F670 /* LeeRefreshViewUITests.m */,
				0491CDB91E5BD15A0023F670 /* Info.plist */,
			);
			path = LeeRefreshViewUITests;
			sourceTree = "<group>";
		};
		0491CDC91E5BD2B20023F670 /* LeeRefreh */ = {
			isa = PBXGroup;
			children = (
				0491CDD61E5BDB800023F670 /* LeeRefresh.h */,
				0491CDCA1E5BD2E10023F670 /* LeeRefreshView.h */,
				0491CDCB1E5BD2E10023F670 /* LeeRefreshView.m */,
				0491CDCD1E5BD3190023F670 /* LeeRefreshHeader.h */,
				0491CDCE1E5BD3190023F670 /* LeeRefreshHeader.m */,
				0491CDD01E5BD3280023F670 /* LeeRefreshFooter.h */,
				0491CDD11E5BD3280023F670 /* LeeRefreshFooter.m */,
				0491CDDD1E5C303E0023F670 /* LeeHeaderAnimationView.h */,
				0491CDDE1E5C303E0023F670 /* LeeHeaderAnimationView.m */,
				B6B38FC31E5D82CB00B7D760 /* LeeFooterAnimationView.h */,
				B6B38FC41E5D82CB00B7D760 /* LeeFooterAnimationView.m */,
				B6B38FC01E5D81D700B7D760 /* LeeRefreshLoadView.h */,
				B6B38FC11E5D81D700B7D760 /* LeeRefreshLoadView.m */,
				0491CDD71E5BDDF50023F670 /* UIScrollView+LeeRefresh.h */,
				0491CDD81E5BDDF50023F670 /* UIScrollView+LeeRefresh.m */,
				0491CDD31E5BD5850023F670 /* UIView+LeeRefresh.h */,
				0491CDD41E5BD5850023F670 /* UIView+LeeRefresh.m */,
				B6B38FC61E5D864700B7D760 /* UILabel+LabelWithSize.h */,
				B6B38FC71E5D864700B7D760 /* UILabel+LabelWithSize.m */,
			);
			path = LeeRefreh;
			sourceTree = "<group>";
		};
/* End PBXGroup section */

/* Begin PBXNativeTarget section */
		0491CD8E1E5BD1590023F670 /* LeeRefreshView */ = {
			isa = PBXNativeTarget;
			buildConfigurationList = 0491CDBC1E5BD15A0023F670 /* Build configuration list for PBXNativeTarget "LeeRefreshView" */;
			buildPhases = (
				0491CD8B1E5BD1590023F670 /* Sources */,
				0491CD8C1E5BD1590023F670 /* Frameworks */,
				0491CD8D1E5BD1590023F670 /* Resources */,
			);
			buildRules = (
			);
			dependencies = (
			);
			name = LeeRefreshView;
			productName = LeeRefreshView;
			productReference = 0491CD8F1E5BD1590023F670 /* LeeRefreshView.app */;
			productType = "com.apple.product-type.application";
		};
		0491CDA71E5BD15A0023F670 /* LeeRefreshViewTests */ = {
			isa = PBXNativeTarget;
			buildConfigurationList = 0491CDBF1E5BD15A0023F670 /* Build configuration list for PBXNativeTarget "LeeRefreshViewTests" */;
			buildPhases = (
				0491CDA41E5BD15A0023F670 /* Sources */,
				0491CDA51E5BD15A0023F670 /* Frameworks */,
				0491CDA61E5BD15A0023F670 /* Resources */,
			);
			buildRules = (
			);
			dependencies = (
				0491CDAA1E5BD15A0023F670 /* PBXTargetDependency */,
			);
			name = LeeRefreshViewTests;
			productName = LeeRefreshViewTests;
			productReference = 0491CDA81E5BD15A0023F670 /* LeeRefreshViewTests.xctest */;
			productType = "com.apple.product-type.bundle.unit-test";
		};
		0491CDB21E5BD15A0023F670 /* LeeRefreshViewUITests */ = {
			isa = PBXNativeTarget;
			buildConfigurationList = 0491CDC21E5BD15A0023F670 /* Build configuration list for PBXNativeTarget "LeeRefreshViewUITests" */;
			buildPhases = (
				0491CDAF1E5BD15A0023F670 /* Sources */,
				0491CDB01E5BD15A0023F670 /* Frameworks */,
				0491CDB11E5BD15A0023F670 /* Resources */,
			);
			buildRules = (
			);
			dependencies = (
				0491CDB51E5BD15A0023F670 /* PBXTargetDependency */,
			);
			name = LeeRefreshViewUITests;
			productName = LeeRefreshViewUITests;
			productReference = 0491CDB31E5BD15A0023F670 /* LeeRefreshViewUITests.xctest */;
			productType = "com.apple.product-type.bundle.ui-testing";
		};
/* End PBXNativeTarget section */

/* Begin PBXProject section */
		0491CD871E5BD1590023F670 /* Project object */ = {
			isa = PBXProject;
			attributes = {
				LastUpgradeCheck = 0810;
				ORGANIZATIONNAME = "https://github.com/Unrealplace     如有问题可以联系：939428468";
				TargetAttributes = {
					0491CD8E1E5BD1590023F670 = {
						CreatedOnToolsVersion = 8.1;
						DevelopmentTeam = 9BQNL96S8U;
						ProvisioningStyle = Automatic;
					};
					0491CDA71E5BD15A0023F670 = {
						CreatedOnToolsVersion = 8.1;
						ProvisioningStyle = Automatic;
						TestTargetID = 0491CD8E1E5BD1590023F670;
					};
					0491CDB21E5BD15A0023F670 = {
						CreatedOnToolsVersion = 8.1;
						ProvisioningStyle = Automatic;
						TestTargetID = 0491CD8E1E5BD1590023F670;
					};
				};
			};
			buildConfigurationList = 0491CD8A1E5BD1590023F670 /* Build configuration list for PBXProject "LeeRefreshView" */;
			compatibilityVersion = "Xcode 3.2";
			developmentRegion = English;
			hasScannedForEncodings = 0;
			knownRegions = (
				en,
				Base,
			);
			mainGroup = 0491CD861E5BD1590023F670;
			productRefGroup = 0491CD901E5BD1590023F670 /* Products */;
			projectDirPath = "";
			projectRoot = "";
			targets = (
				0491CD8E1E5BD1590023F670 /* LeeRefreshView */,
				0491CDA71E5BD15A0023F670 /* LeeRefreshViewTests */,
				0491CDB21E5BD15A0023F670 /* LeeRefreshViewUITests */,
			);
		};
/* End PBXProject section */

/* Begin PBXResourcesBuildPhase section */
		0491CD8D1E5BD1590023F670 /* Resources */ = {
			isa = PBXResourcesBuildPhase;
			buildActionMask = 2147483647;
			files = (
				0491CDA21E5BD1590023F670 /* LaunchScreen.storyboard in Resources */,
				0491CD9F1E5BD1590023F670 /* Assets.xcassets in Resources */,
				B6B38FCA1E5DAF4500B7D760 /* FreshGif.gif in Resources */,
				0491CD9D1E5BD1590023F670 /* Main.storyboard in Resources */,
			);
			runOnlyForDeploymentPostprocessing = 0;
		};
		0491CDA61E5BD15A0023F670 /* Resources */ = {
			isa = PBXResourcesBuildPhase;
			buildActionMask = 2147483647;
			files = (
			);
			runOnlyForDeploymentPostprocessing = 0;
		};
		0491CDB11E5BD15A0023F670 /* Resources */ = {
			isa = PBXResourcesBuildPhase;
			buildActionMask = 2147483647;
			files = (
			);
			runOnlyForDeploymentPostprocessing = 0;
		};
/* End PBXResourcesBuildPhase section */

/* Begin PBXSourcesBuildPhase section */
		0491CD8B1E5BD1590023F670 /* Sources */ = {
			isa = PBXSourcesBuildPhase;
			buildActionMask = 2147483647;
			files = (
				0491CDCC1E5BD2E10023F670 /* LeeRefreshView.m in Sources */,
				B6B38FC81E5D864700B7D760 /* UILabel+LabelWithSize.m in Sources */,
				0491CD9A1E5BD1590023F670 /* ViewController.m in Sources */,
				0491CD971E5BD1590023F670 /* AppDelegate.m in Sources */,
				0491CDDF1E5C303E0023F670 /* LeeHeaderAnimationView.m in Sources */,
				8F6D0AE221B906A9004217B3 /* PGTestView.m in Sources */,
				0491CDD91E5BDDF50023F670 /* UIScrollView+LeeRefresh.m in Sources */,
				0491CDC71E5BD1F80023F670 /* refreshVC.m in Sources */,
				0491CD941E5BD1590023F670 /* main.m in Sources */,
				B6B38FC51E5D82CB00B7D760 /* LeeFooterAnimationView.m in Sources */,
				0491CDD21E5BD3280023F670 /* LeeRefreshFooter.m in Sources */,
				0491CDCF1E5BD3190023F670 /* LeeRefreshHeader.m in Sources */,
				0491CDD51E5BD5850023F670 /* UIView+LeeRefresh.m in Sources */,
				B6B38FC21E5D81D700B7D760 /* LeeRefreshLoadView.m in Sources */,
			);
			runOnlyForDeploymentPostprocessing = 0;
		};
		0491CDA41E5BD15A0023F670 /* Sources */ = {
			isa = PBXSourcesBuildPhase;
			buildActionMask = 2147483647;
			files = (
				0491CDAD1E5BD15A0023F670 /* LeeRefreshViewTests.m in Sources */,
			);
			runOnlyForDeploymentPostprocessing = 0;
		};
		0491CDAF1E5BD15A0023F670 /* Sources */ = {
			isa = PBXSourcesBuildPhase;
			buildActionMask = 2147483647;
			files = (
				0491CDB81E5BD15A0023F670 /* LeeRefreshViewUITests.m in Sources */,
			);
			runOnlyForDeploymentPostprocessing = 0;
		};
/* End PBXSourcesBuildPhase section */

/* Begin PBXTargetDependency section */
		0491CDAA1E5BD15A0023F670 /* PBXTargetDependency */ = {
			isa = PBXTargetDependency;
			target = 0491CD8E1E5BD1590023F670 /* LeeRefreshView */;
			targetProxy = 0491CDA91E5BD15A0023F670 /* PBXContainerItemProxy */;
		};
		0491CDB51E5BD15A0023F670 /* PBXTargetDependency */ = {
			isa = PBXTargetDependency;
			target = 0491CD8E1E5BD1590023F670 /* LeeRefreshView */;
			targetProxy = 0491CDB41E5BD15A0023F670 /* PBXContainerItemProxy */;
		};
/* End PBXTargetDependency section */

/* Begin PBXVariantGroup section */
		0491CD9B1E5BD1590023F670 /* Main.storyboard */ = {
			isa = PBXVariantGroup;
			children = (
				0491CD9C1E5BD1590023F670 /* Base */,
			);
			name = Main.storyboard;
			sourceTree = "<group>";
		};
		0491CDA01E5BD1590023F670 /* LaunchScreen.storyboard */ = {
			isa = PBXVariantGroup;
			children = (
				0491CDA11E5BD1590023F670 /* Base */,
			);
			name = LaunchScreen.storyboard;
			sourceTree = "<group>";
		};
/* End PBXVariantGroup section */

/* Begin XCBuildConfiguration section */
		0491CDBA1E5BD15A0023F670 /* Debug */ = {
			isa = XCBuildConfiguration;
			buildSettings = {
				ALWAYS_SEARCH_USER_PATHS = NO;
				CLANG_ANALYZER_NONNULL = YES;
				CLANG_CXX_LANGUAGE_STANDARD = "gnu++0x";
				CLANG_CXX_LIBRARY = "libc++";
				CLANG_ENABLE_MODULES = YES;
				CLANG_ENABLE_OBJC_ARC = YES;
				CLANG_WARN_BOOL_CONVERSION = YES;
				CLANG_WARN_CONSTANT_CONVERSION = YES;
				CLANG_WARN_DIRECT_OBJC_ISA_USAGE = YES_ERROR;
				CLANG_WARN_DOCUMENTATION_COMMENTS = YES;
				CLANG_WARN_EMPTY_BODY = YES;
				CLANG_WARN_ENUM_CONVERSION = YES;
				CLANG_WARN_INFINITE_RECURSION = YES;
				CLANG_WARN_INT_CONVERSION = YES;
				CLANG_WARN_OBJC_ROOT_CLASS = YES_ERROR;
				CLANG_WARN_SUSPICIOUS_MOVES = YES;
				CLANG_WARN_UNREACHABLE_CODE = YES;
				CLANG_WARN__DUPLICATE_METHOD_MATCH = YES;
				"CODE_SIGN_IDENTITY[sdk=iphoneos*]" = "iPhone Developer";
				COPY_PHASE_STRIP = NO;
				DEBUG_INFORMATION_FORMAT = dwarf;
				ENABLE_STRICT_OBJC_MSGSEND = YES;
				ENABLE_TESTABILITY = YES;
				GCC_C_LANGUAGE_STANDARD = gnu99;
				GCC_DYNAMIC_NO_PIC = NO;
				GCC_NO_COMMON_BLOCKS = YES;
				GCC_OPTIMIZATION_LEVEL = 0;
				GCC_PREPROCESSOR_DEFINITIONS = (
					"DEBUG=1",
					"$(inherited)",
				);
				GCC_WARN_64_TO_32_BIT_CONVERSION = YES;
				GCC_WARN_ABOUT_RETURN_TYPE = YES_ERROR;
				GCC_WARN_UNDECLARED_SELECTOR = YES;
				GCC_WARN_UNINITIALIZED_AUTOS = YES_AGGRESSIVE;
				GCC_WARN_UNUSED_FUNCTION = YES;
				GCC_WARN_UNUSED_VARIABLE = YES;
				IPHONEOS_DEPLOYMENT_TARGET = 10.1;
				MTL_ENABLE_DEBUG_INFO = YES;
				ONLY_ACTIVE_ARCH = YES;
				SDKROOT = iphoneos;
				TARGETED_DEVICE_FAMILY = "1,2";
			};
			name = Debug;
		};
		0491CDBB1E5BD15A0023F670 /* Release */ = {
			isa = XCBuildConfiguration;
			buildSettings = {
				ALWAYS_SEARCH_USER_PATHS = NO;
				CLANG_ANALYZER_NONNULL = YES;
				CLANG_CXX_LANGUAGE_STANDARD = "gnu++0x";
				CLANG_CXX_LIBRARY = "libc++";
				CLANG_ENABLE_MODULES = YES;
				CLANG_ENABLE_OBJC_ARC = YES;
				CLANG_WARN_BOOL_CONVERSION = YES;
				CLANG_WARN_CONSTANT_CONVERSION = YES;
				CLANG_WARN_DIRECT_OBJC_ISA_USAGE = YES_ERROR;
				CLANG_WARN_DOCUMENTATION_COMMENTS = YES;
				CLANG_WARN_EMPTY_BODY = YES;
				CLANG_WARN_ENUM_CONVERSION = YES;
				CLANG_WARN_INFINITE_RECURSION = YES;
				CLANG_WARN_INT_CONVERSION = YES;
				CLANG_WARN_OBJC_ROOT_CLASS = YES_ERROR;
				CLANG_WARN_SUSPICIOUS_MOVES = YES;
				CLANG_WARN_UNREACHABLE_CODE = YES;
				CLANG_WARN__DUPLICATE_METHOD_MATCH = YES;
				"CODE_SIGN_IDENTITY[sdk=iphoneos*]" = "iPhone Developer";
				COPY_PHASE_STRIP = NO;
				DEBUG_INFORMATION_FORMAT = "dwarf-with-dsym";
				ENABLE_NS_ASSERTIONS = NO;
				ENABLE_STRICT_OBJC_MSGSEND = YES;
				GCC_C_LANGUAGE_STANDARD = gnu99;
				GCC_NO_COMMON_BLOCKS = YES;
				GCC_WARN_64_TO_32_BIT_CONVERSION = YES;
				GCC_WARN_ABOUT_RETURN_TYPE = YES_ERROR;
				GCC_WARN_UNDECLARED_SELECTOR = YES;
				GCC_WARN_UNINITIALIZED_AUTOS = YES_AGGRESSIVE;
				GCC_WARN_UNUSED_FUNCTION = YES;
				GCC_WARN_UNUSED_VARIABLE = YES;
				IPHONEOS_DEPLOYMENT_TARGET = 10.1;
				MTL_ENABLE_DEBUG_INFO = NO;
				SDKROOT = iphoneos;
				TARGETED_DEVICE_FAMILY = "1,2";
				VALIDATE_PRODUCT = YES;
			};
			name = Release;
		};
		0491CDBD1E5BD15A0023F670 /* Debug */ = {
			isa = XCBuildConfiguration;
			buildSettings = {
				ASSETCATALOG_COMPILER_APPICON_NAME = AppIcon;
				DEVELOPMENT_TEAM = 9BQNL96S8U;
				INFOPLIST_FILE = LeeRefreshView/Info.plist;
				IPHONEOS_DEPLOYMENT_TARGET = 9.0;
				LD_RUNPATH_SEARCH_PATHS = "$(inherited) @executable_path/Frameworks";
				PRODUCT_BUNDLE_IDENTIFIER = com.meitianyingye.LeeRefreshView;
				PRODUCT_NAME = "$(TARGET_NAME)";
			};
			name = Debug;
		};
		0491CDBE1E5BD15A0023F670 /* Release */ = {
			isa = XCBuildConfiguration;
			buildSettings = {
				ASSETCATALOG_COMPILER_APPICON_NAME = AppIcon;
				DEVELOPMENT_TEAM = 9BQNL96S8U;
				INFOPLIST_FILE = LeeRefreshView/Info.plist;
				IPHONEOS_DEPLOYMENT_TARGET = 9.0;
				LD_RUNPATH_SEARCH_PATHS = "$(inherited) @executable_path/Frameworks";
				PRODUCT_BUNDLE_IDENTIFIER = com.meitianyingye.LeeRefreshView;
				PRODUCT_NAME = "$(TARGET_NAME)";
			};
			name = Release;
		};
		0491CDC01E5BD15A0023F670 /* Debug */ = {
			isa = XCBuildConfiguration;
			buildSettings = {
				BUNDLE_LOADER = "$(TEST_HOST)";
				INFOPLIST_FILE = LeeRefreshViewTests/Info.plist;
				LD_RUNPATH_SEARCH_PATHS = "$(inherited) @executable_path/Frameworks @loader_path/Frameworks";
				PRODUCT_BUNDLE_IDENTIFIER = com.meitianyingye.LeeRefreshViewTests;
				PRODUCT_NAME = "$(TARGET_NAME)";
				TEST_HOST = "$(BUILT_PRODUCTS_DIR)/LeeRefreshView.app/LeeRefreshView";
			};
			name = Debug;
		};
		0491CDC11E5BD15A0023F670 /* Release */ = {
			isa = XCBuildConfiguration;
			buildSettings = {
				BUNDLE_LOADER = "$(TEST_HOST)";
				INFOPLIST_FILE = LeeRefreshViewTests/Info.plist;
				LD_RUNPATH_SEARCH_PATHS = "$(inherited) @executable_path/Frameworks @loader_path/Frameworks";
				PRODUCT_BUNDLE_IDENTIFIER = com.meitianyingye.LeeRefreshViewTests;
				PRODUCT_NAME = "$(TARGET_NAME)";
				TEST_HOST = "$(BUILT_PRODUCTS_DIR)/LeeRefreshView.app/LeeRefreshView";
			};
			name = Release;
		};
		0491CDC31E5BD15A0023F670 /* Debug */ = {
			isa = XCBuildConfiguration;
			buildSettings = {
				INFOPLIST_FILE = LeeRefreshViewUITests/Info.plist;
				LD_RUNPATH_SEARCH_PATHS = "$(inherited) @executable_path/Frameworks @loader_path/Frameworks";
				PRODUCT_BUNDLE_IDENTIFIER = com.meitianyingye.LeeRefreshViewUITests;
				PRODUCT_NAME = "$(TARGET_NAME)";
				TEST_TARGET_NAME = LeeRefreshView;
			};
			name = Debug;
		};
		0491CDC41E5BD15A0023F670 /* Release */ = {
			isa = XCBuildConfiguration;
			buildSettings = {
				INFOPLIST_FILE = LeeRefreshViewUITests/Info.plist;
				LD_RUNPATH_SEARCH_PATHS = "$(inherited) @executable_path/Frameworks @loader_path/Frameworks";
				PRODUCT_BUNDLE_IDENTIFIER = com.meitianyingye.LeeRefreshViewUITests;
				PRODUCT_NAME = "$(TARGET_NAME)";
				TEST_TARGET_NAME = LeeRefreshView;
			};
			name = Release;
		};
/* End XCBuildConfiguration section */

/* Begin XCConfigurationList section */
		0491CD8A1E5BD1590023F670 /* Build configuration list for PBXProject "LeeRefreshView" */ = {
			isa = XCConfigurationList;
			buildConfigurations = (
				0491CDBA1E5BD15A0023F670 /* Debug */,
				0491CDBB1E5BD15A0023F670 /* Release */,
			);
			defaultConfigurationIsVisible = 0;
			defaultConfigurationName = Release;
		};
		0491CDBC1E5BD15A0023F670 /* Build configuration list for PBXNativeTarget "LeeRefreshView" */ = {
			isa = XCConfigurationList;
			buildConfigurations = (
				0491CDBD1E5BD15A0023F670 /* Debug */,
				0491CDBE1E5BD15A0023F670 /* Release */,
			);
			defaultConfigurationIsVisible = 0;
			defaultConfigurationName = Release;
		};
		0491CDBF1E5BD15A0023F670 /* Build configuration list for PBXNativeTarget "LeeRefreshViewTests" */ = {
			isa = XCConfigurationList;
			buildConfigurations = (
				0491CDC01E5BD15A0023F670 /* Debug */,
				0491CDC11E5BD15A0023F670 /* Release */,
			);
			defaultConfigurationIsVisible = 0;
			defaultConfigurationName = Release;
		};
		0491CDC21E5BD15A0023F670 /* Build configuration list for PBXNativeTarget "LeeRefreshViewUITests" */ = {
			isa = XCConfigurationList;
			buildConfigurations = (
				0491CDC31E5BD15A0023F670 /* Debug */,
				0491CDC41E5BD15A0023F670 /* Release */,
			);
			defaultConfigurationIsVisible = 0;
			defaultConfigurationName = Release;
		};
/* End XCConfigurationList section */
	};
	rootObject = 0491CD871E5BD1590023F670 /* Project object */;
}
